// !$*UTF8*$!
{
	archiveVersion = 1;
	classes = {
	};
	objectVersion = 56;
	objects = {

/* Begin PBXBuildFile section */
		0A1EA9572A49661700856789 /* photoSnapshotApp.swift in Sources */ = {isa = PBXBuildFile; fileRef = 0A1EA9562A49661700856789 /* photoSnapshotApp.swift */; };
		0A1EA9592A49661700856789 /* ContentView.swift in Sources */ = {isa = PBXBuildFile; fileRef = 0A1EA9582A49661700856789 /* ContentView.swift */; };
		0A1EA95B2A49661900856789 /* Assets.xcassets in Resources */ = {isa = PBXBuildFile; fileRef = 0A1EA95A2A49661900856789 /* Assets.xcassets */; };
		0A1EA95E2A49661900856789 /* Preview Assets.xcassets in Resources */ = {isa = PBXBuildFile; fileRef = 0A1EA95D2A49661900856789 /* Preview Assets.xcassets */; };
		0A1EA9682A49661900856789 /* photoSnapshotTests.swift in Sources */ = {isa = PBXBuildFile; fileRef = 0A1EA9672A49661900856789 /* photoSnapshotTests.swift */; };
		0A1EA9722A49661900856789 /* photoSnapshotUITests.swift in Sources */ = {isa = PBXBuildFile; fileRef = 0A1EA9712A49661900856789 /* photoSnapshotUITests.swift */; };
		0A1EA9742A49661900856789 /* photoSnapshotUITestsLaunchTests.swift in Sources */ = {isa = PBXBuildFile; fileRef = 0A1EA9732A49661900856789 /* photoSnapshotUITestsLaunchTests.swift */; };
/* End PBXBuildFile section */

/* Begin PBXContainerItemProxy section */
		0A1EA9642A49661900856789 /* PBXContainerItemProxy */ = {
			isa = PBXContainerItemProxy;
			containerPortal = 0A1EA94B2A49661700856789 /* Project object */;
			proxyType = 1;
			remoteGlobalIDString = 0A1EA9522A49661700856789;
			remoteInfo = photoSnapshot;
		};
		0A1EA96E2A49661900856789 /* PBXContainerItemProxy */ = {
			isa = PBXContainerItemProxy;
			containerPortal = 0A1EA94B2A49661700856789 /* Project object */;
			proxyType = 1;
			remoteGlobalIDString = 0A1EA9522A49661700856789;
			remoteInfo = photoSnapshot;
		};
/* End PBXContainerItemProxy section */

/* Begin PBXFileReference section */
		0A1EA9532A49661700856789 /* photoSnapshot.app */ = {isa = PBXFileReference; explicitFileType = wrapper.application; includeInIndex = 0; path = photoSnapshot.app; sourceTree = BUILT_PRODUCTS_DIR; };
		0A1EA9562A49661700856789 /* photoSnapshotApp.swift */ = {isa = PBXFileReference; lastKnownFileType = sourcecode.swift; path = photoSnapshotApp.swift; sourceTree = "<group>"; };
		0A1EA9582A49661700856789 /* ContentView.swift */ = {isa = PBXFileReference; lastKnownFileType = sourcecode.swift; path = ContentView.swift; sourceTree = "<group>"; };
		0A1EA95A2A49661900856789 /* Assets.xcassets */ = {isa = PBXFileReference; lastKnownFileType = folder.assetcatalog; path = Assets.xcassets; sourceTree = "<group>"; };
		0A1EA95D2A49661900856789 /* Preview Assets.xcassets */ = {isa = PBXFileReference; lastKnownFileType = folder.assetcatalog; path = "Preview Assets.xcassets"; sourceTree = "<group>"; };
		0A1EA9632A49661900856789 /* photoSnapshotTests.xctest */ = {isa = PBXFileReference; explicitFileType = wrapper.cfbundle; includeInIndex = 0; path = photoSnapshotTests.xctest; sourceTree = BUILT_PRODUCTS_DIR; };
		0A1EA9672A49661900856789 /* photoSnapshotTests.swift */ = {isa = PBXFileReference; lastKnownFileType = sourcecode.swift; path = photoSnapshotTests.swift; sourceTree = "<group>"; };
		0A1EA96D2A49661900856789 /* photoSnapshotUITests.xctest */ = {isa = PBXFileReference; explicitFileType = wrapper.cfbundle; includeInIndex = 0; path = photoSnapshotUITests.xctest; sourceTree = BUILT_PRODUCTS_DIR; };
		0A1EA9712A49661900856789 /* photoSnapshotUITests.swift */ = {isa = PBXFileReference; lastKnownFileType = sourcecode.swift; path = photoSnapshotUITests.swift; sourceTree = "<group>"; };
		0A1EA9732A49661900856789 /* photoSnapshotUITestsLaunchTests.swift */ = {isa = PBXFileReference; lastKnownFileType = sourcecode.swift; path = photoSnapshotUITestsLaunchTests.swift; sourceTree = "<group>"; };
/* End PBXFileReference section */

/* Begin PBXFrameworksBuildPhase section */
		0A1EA9502A49661700856789 /* Frameworks */ = {
			isa = PBXFrameworksBuildPhase;
			buildActionMask = 2147483647;
			files = (
			);
			runOnlyForDeploymentPostprocessing = 0;
		};
		0A1EA9602A49661900856789 /* Frameworks */ = {
			isa = PBXFrameworksBuildPhase;
			buildActionMask = 2147483647;
			files = (
			);
			runOnlyForDeploymentPostprocessing = 0;
		};
		0A1EA96A2A49661900856789 /* Frameworks */ = {
			isa = PBXFrameworksBuildPhase;
			buildActionMask = 2147483647;
			files = (
			);
			runOnlyForDeploymentPostprocessing = 0;
		};
/* End PBXFrameworksBuildPhase section */

/* Begin PBXGroup section */
		0A1EA94A2A49661700856789 = {
			isa = PBXGroup;
			children = (
				0A1EA9552A49661700856789 /* photoSnapshot */,
				0A1EA9662A49661900856789 /* photoSnapshotTests */,
				0A1EA9702A49661900856789 /* photoSnapshotUITests */,
				0A1EA9542A49661700856789 /* Products */,
			);
			sourceTree = "<group>";
		};
		0A1EA9542A49661700856789 /* Products */ = {
			isa = PBXGroup;
			children = (
				0A1EA9532A49661700856789 /* photoSnapshot.app */,
				0A1EA9632A49661900856789 /* photoSnapshotTests.xctest */,
				0A1EA96D2A49661900856789 /* photoSnapshotUITests.xctest */,
			);
			name = Products;
			sourceTree = "<group>";
		};
		0A1EA9552A49661700856789 /* photoSnapshot */ = {
			isa = PBXGroup;
			children = (
				0A1EA9562A49661700856789 /* photoSnapshotApp.swift */,
				0A1EA9582A49661700856789 /* ContentView.swift */,
				0A1EA95A2A49661900856789 /* Assets.xcassets */,
				0A1EA95C2A49661900856789 /* Preview Content */,
			);
			path = photoSnapshot;
			sourceTree = "<group>";
		};
		0A1EA95C2A49661900856789 /* Preview Content */ = {
			isa = PBXGroup;
			children = (
				0A1EA95D2A49661900856789 /* Preview Assets.xcassets */,
			);
			path = "Preview Content";
			sourceTree = "<group>";
		};
		0A1EA9662A49661900856789 /* photoSnapshotTests */ = {
			isa = PBXGroup;
			children = (
				0A1EA9672A49661900856789 /* photoSnapshotTests.swift */,
			);
			path = photoSnapshotTests;
			sourceTree = "<group>";
		};
		0A1EA9702A49661900856789 /* photoSnapshotUITests */ = {
			isa = PBXGroup;
			children = (
				0A1EA9712A49661900856789 /* photoSnapshotUITests.swift */,
				0A1EA9732A49661900856789 /* photoSnapshotUITestsLaunchTests.swift */,
			);
			path = photoSnapshotUITests;
			sourceTree = "<group>";
		};
/* End PBXGroup section */

/* Begin PBXNativeTarget section */
		0A1EA9522A49661700856789 /* photoSnapshot */ = {
			isa = PBXNativeTarget;
			buildConfigurationList = 0A1EA9772A49661900856789 /* Build configuration list for PBXNativeTarget "photoSnapshot" */;
			buildPhases = (
				0A1EA94F2A49661700856789 /* Sources */,
				0A1EA9502A49661700856789 /* Frameworks */,
				0A1EA9512A49661700856789 /* Resources */,
			);
			buildRules = (
			);
			dependencies = (
			);
			name = photoSnapshot;
			productName = photoSnapshot;
			productReference = 0A1EA9532A49661700856789 /* photoSnapshot.app */;
			productType = "com.apple.product-type.application";
		};
		0A1EA9622A49661900856789 /* photoSnapshotTests */ = {
			isa = PBXNativeTarget;
			buildConfigurationList = 0A1EA97A2A49661900856789 /* Build configuration list for PBXNativeTarget "photoSnapshotTests" */;
			buildPhases = (
				0A1EA95F2A49661900856789 /* Sources */,
				0A1EA9602A49661900856789 /* Frameworks */,
				0A1EA9612A49661900856789 /* Resources */,
			);
			buildRules = (
			);
			dependencies = (
				0A1EA9652A49661900856789 /* PBXTargetDependency */,
			);
			name = photoSnapshotTests;
			productName = photoSnapshotTests;
			productReference = 0A1EA9632A49661900856789 /* photoSnapshotTests.xctest */;
			productType = "com.apple.product-type.bundle.unit-test";
		};
		0A1EA96C2A49661900856789 /* photoSnapshotUITests */ = {
			isa = PBXNativeTarget;
			buildConfigurationList = 0A1EA97D2A49661900856789 /* Build configuration list for PBXNativeTarget "photoSnapshotUITests" */;
			buildPhases = (
				0A1EA9692A49661900856789 /* Sources */,
				0A1EA96A2A49661900856789 /* Frameworks */,
				0A1EA96B2A49661900856789 /* Resources */,
			);
			buildRules = (
			);
			dependencies = (
				0A1EA96F2A49661900856789 /* PBXTargetDependency */,
			);
			name = photoSnapshotUITests;
			productName = photoSnapshotUITests;
			productReference = 0A1EA96D2A49661900856789 /* photoSnapshotUITests.xctest */;
			productType = "com.apple.product-type.bundle.ui-testing";
		};
/* End PBXNativeTarget section */

/* Begin PBXProject section */
		0A1EA94B2A49661700856789 /* Project object */ = {
			isa = PBXProject;
			attributes = {
				BuildIndependentTargetsInParallel = 1;
				LastSwiftUpdateCheck = 1430;
				LastUpgradeCheck = 1430;
				TargetAttributes = {
					0A1EA9522A49661700856789 = {
						CreatedOnToolsVersion = 14.3.1;
					};
					0A1EA9622A49661900856789 = {
						CreatedOnToolsVersion = 14.3.1;
						TestTargetID = 0A1EA9522A49661700856789;
					};
					0A1EA96C2A49661900856789 = {
						CreatedOnToolsVersion = 14.3.1;
						TestTargetID = 0A1EA9522A49661700856789;
					};
				};
			};
			buildConfigurationList = 0A1EA94E2A49661700856789 /* Build configuration list for PBXProject "photoSnapshot" */;
			compatibilityVersion = "Xcode 14.0";
			developmentRegion = en;
			hasScannedForEncodings = 0;
			knownRegions = (
				en,
				Base,
			);
			mainGroup = 0A1EA94A2A49661700856789;
			productRefGroup = 0A1EA9542A49661700856789 /* Products */;
			projectDirPath = "";
			projectRoot = "";
			targets = (
				0A1EA9522A49661700856789 /* photoSnapshot */,
				0A1EA9622A49661900856789 /* photoSnapshotTests */,
				0A1EA96C2A49661900856789 /* photoSnapshotUITests */,
			);
		};
/* End PBXProject section */

/* Begin PBXResourcesBuildPhase section */
		0A1EA9512A49661700856789 /* Resources */ = {
			isa = PBXResourcesBuildPhase;
			buildActionMask = 2147483647;
			files = (
				0A1EA95E2A49661900856789 /* Preview Assets.xcassets in Resources */,
				0A1EA95B2A49661900856789 /* Assets.xcassets in Resources */,
			);
			runOnlyForDeploymentPostprocessing = 0;
		};
		0A1EA9612A49661900856789 /* Resources */ = {
			isa = PBXResourcesBuildPhase;
			buildActionMask = 2147483647;
			files = (
			);
			runOnlyForDeploymentPostprocessing = 0;
		};
		0A1EA96B2A49661900856789 /* Resources */ = {
			isa = PBXResourcesBuildPhase;
			buildActionMask = 2147483647;
			files = (
			);
			runOnlyForDeploymentPostprocessing = 0;
		};
/* End PBXResourcesBuildPhase section */

/* Begin PBXSourcesBuildPhase section */
		0A1EA94F2A49661700856789 /* Sources */ = {
			isa = PBXSourcesBuildPhase;
			buildActionMask = 2147483647;
			files = (
				0A1EA9592A49661700856789 /* ContentView.swift in Sources */,
				0A1EA9572A49661700856789 /* photoSnapshotApp.swift in Sources */,
			);
			runOnlyForDeploymentPostprocessing = 0;
		};
		0A1EA95F2A49661900856789 /* Sources */ = {
			isa = PBXSourcesBuildPhase;
			buildActionMask = 2147483647;
			files = (
				0A1EA9682A49661900856789 /* photoSnapshotTests.swift in Sources */,
			);
			runOnlyForDeploymentPostprocessing = 0;
		};
		0A1EA9692A49661900856789 /* Sources */ = {
			isa = PBXSourcesBuildPhase;
			buildActionMask = 2147483647;
			files = (
				0A1EA9722A49661900856789 /* photoSnapshotUITests.swift in Sources */,
				0A1EA9742A49661900856789 /* photoSnapshotUITestsLaunchTests.swift in Sources */,
			);
			runOnlyForDeploymentPostprocessing = 0;
		};
/* End PBXSourcesBuildPhase section */

/* Begin PBXTargetDependency section */
		0A1EA9652A49661900856789 /* PBXTargetDependency */ = {
			isa = PBXTargetDependency;
			target = 0A1EA9522A49661700856789 /* photoSnapshot */;
			targetProxy = 0A1EA9642A49661900856789 /* PBXContainerItemProxy */;
		};
		0A1EA96F2A49661900856789 /* PBXTargetDependency */ = {
			isa = PBXTargetDependency;
			target = 0A1EA9522A49661700856789 /* photoSnapshot */;
			targetProxy = 0A1EA96E2A49661900856789 /* PBXContainerItemProxy */;
		};
/* End PBXTargetDependency section */

/* Begin XCBuildConfiguration section */
		0A1EA9752A49661900856789 /* Debug */ = {
			isa = XCBuildConfiguration;
			buildSettings = {
				ALWAYS_SEARCH_USER_PATHS = NO;
				CLANG_ANALYZER_NONNULL = YES;
				CLANG_ANALYZER_NUMBER_OBJECT_CONVERSION = YES_AGGRESSIVE;
				CLANG_CXX_LANGUAGE_STANDARD = "gnu++20";
				CLANG_ENABLE_MODULES = YES;
				CLANG_ENABLE_OBJC_ARC = YES;
				CLANG_ENABLE_OBJC_WEAK = YES;
				CLANG_WARN_BLOCK_CAPTURE_AUTORELEASING = YES;
				CLANG_WARN_BOOL_CONVERSION = YES;
				CLANG_WARN_COMMA = YES;
				CLANG_WARN_CONSTANT_CONVERSION = YES;
				CLANG_WARN_DEPRECATED_OBJC_IMPLEMENTATIONS = YES;
				CLANG_WARN_DIRECT_OBJC_ISA_USAGE = YES_ERROR;
				CLANG_WARN_DOCUMENTATION_COMMENTS = YES;
				CLANG_WARN_EMPTY_BODY = YES;
				CLANG_WARN_ENUM_CONVERSION = YES;
				CLANG_WARN_INFINITE_RECURSION = YES;
				CLANG_WARN_INT_CONVERSION = YES;
				CLANG_WARN_NON_LITERAL_NULL_CONVERSION = YES;
				CLANG_WARN_OBJC_IMPLICIT_RETAIN_SELF = YES;
				CLANG_WARN_OBJC_LITERAL_CONVERSION = YES;
				CLANG_WARN_OBJC_ROOT_CLASS = YES_ERROR;
				CLANG_WARN_QUOTED_INCLUDE_IN_FRAMEWORK_HEADER = YES;
				CLANG_WARN_RANGE_LOOP_ANALYSIS = YES;
				CLANG_WARN_STRICT_PROTOTYPES = YES;
				CLANG_WARN_SUSPICIOUS_MOVE = YES;
				CLANG_WARN_UNGUARDED_AVAILABILITY = YES_AGGRESSIVE;
				CLANG_WARN_UNREACHABLE_CODE = YES;
				CLANG_WARN__DUPLICATE_METHOD_MATCH = YES;
				COPY_PHASE_STRIP = NO;
				DEBUG_INFORMATION_FORMAT = dwarf;
				ENABLE_STRICT_OBJC_MSGSEND = YES;
				ENABLE_TESTABILITY = YES;
				GCC_C_LANGUAGE_STANDARD = gnu11;
				GCC_DYNAMIC_NO_PIC = NO;
				GCC_NO_COMMON_BLOCKS = YES;
				GCC_OPTIMIZATION_LEVEL = 0;
				GCC_PREPROCESSOR_DEFINITIONS = (
					"DEBUG=1",
					"$(inherited)",
				);
				GCC_WARN_64_TO_32_BIT_CONVERSION = YES;
				GCC_WARN_ABOUT_RETURN_TYPE = YES_ERROR;
				GCC_WARN_UNDECLARED_SELECTOR = YES;
				GCC_WARN_UNINITIALIZED_AUTOS = YES_AGGRESSIVE;
				GCC_WARN_UNUSED_FUNCTION = YES;
				GCC_WARN_UNUSED_VARIABLE = YES;
				IPHONEOS_DEPLOYMENT_TARGET = 16.4;
				MTL_ENABLE_DEBUG_INFO = INCLUDE_SOURCE;
				MTL_FAST_MATH = YES;
				ONLY_ACTIVE_ARCH = YES;
				SDKROOT = iphoneos;
				SWIFT_ACTIVE_COMPILATION_CONDITIONS = DEBUG;
				SWIFT_OPTIMIZATION_LEVEL = "-Onone";
			};
			name = Debug;
		};
		0A1EA9762A49661900856789 /* Release */ = {
			isa = XCBuildConfiguration;
			buildSettings = {
				ALWAYS_SEARCH_USER_PATHS = NO;
				CLANG_ANALYZER_NONNULL = YES;
				CLANG_ANALYZER_NUMBER_OBJECT_CONVERSION = YES_AGGRESSIVE;
				CLANG_CXX_LANGUAGE_STANDARD = "gnu++20";
				CLANG_ENABLE_MODULES = YES;
				CLANG_ENABLE_OBJC_ARC = YES;
				CLANG_ENABLE_OBJC_WEAK = YES;
				CLANG_WARN_BLOCK_CAPTURE_AUTORELEASING = YES;
				CLANG_WARN_BOOL_CONVERSION = YES;
				CLANG_WARN_COMMA = YES;
				CLANG_WARN_CONSTANT_CONVERSION = YES;
				CLANG_WARN_DEPRECATED_OBJC_IMPLEMENTATIONS = YES;
				CLANG_WARN_DIRECT_OBJC_ISA_USAGE = YES_ERROR;
				CLANG_WARN_DOCUMENTATION_COMMENTS = YES;
				CLANG_WARN_EMPTY_BODY = YES;
				CLANG_WARN_ENUM_CONVERSION = YES;
				CLANG_WARN_INFINITE_RECURSION = YES;
				CLANG_WARN_INT_CONVERSION = YES;
				CLANG_WARN_NON_LITERAL_NULL_CONVERSION = YES;
				CLANG_WARN_OBJC_IMPLICIT_RETAIN_SELF = YES;
				CLANG_WARN_OBJC_LITERAL_CONVERSION = YES;
				CLANG_WARN_OBJC_ROOT_CLASS = YES_ERROR;
				CLANG_WARN_QUOTED_INCLUDE_IN_FRAMEWORK_HEADER = YES;
				CLANG_WARN_RANGE_LOOP_ANALYSIS = YES;
				CLANG_WARN_STRICT_PROTOTYPES = YES;
				CLANG_WARN_SUSPICIOUS_MOVE = YES;
				CLANG_WARN_UNGUARDED_AVAILABILITY = YES_AGGRESSIVE;
				CLANG_WARN_UNREACHABLE_CODE = YES;
				CLANG_WARN__DUPLICATE_METHOD_MATCH = YES;
				COPY_PHASE_STRIP = NO;
				DEBUG_INFORMATION_FORMAT = "dwarf-with-dsym";
				ENABLE_NS_ASSERTIONS = NO;
				ENABLE_STRICT_OBJC_MSGSEND = YES;
				GCC_C_LANGUAGE_STANDARD = gnu11;
				GCC_NO_COMMON_BLOCKS = YES;
				GCC_WARN_64_TO_32_BIT_CONVERSION = YES;
				GCC_WARN_ABOUT_RETURN_TYPE = YES_ERROR;
				GCC_WARN_UNDECLARED_SELECTOR = YES;
				GCC_WARN_UNINITIALIZED_AUTOS = YES_AGGRESSIVE;
				GCC_WARN_UNUSED_FUNCTION = YES;
				GCC_WARN_UNUSED_VARIABLE = YES;
				IPHONEOS_DEPLOYMENT_TARGET = 16.4;
				MTL_ENABLE_DEBUG_INFO = NO;
				MTL_FAST_MATH = YES;
				SDKROOT = iphoneos;
				SWIFT_COMPILATION_MODE = wholemodule;
				SWIFT_OPTIMIZATION_LEVEL = "-O";
				VALIDATE_PRODUCT = YES;
			};
			name = Release;
		};
		0A1EA9782A49661900856789 /* Debug */ = {
			isa = XCBuildConfiguration;
			buildSettings = {
				ASSETCATALOG_COMPILER_APPICON_NAME = AppIcon;
				ASSETCATALOG_COMPILER_GLOBAL_ACCENT_COLOR_NAME = AccentColor;
				CODE_SIGN_STYLE = Automatic;
				CURRENT_PROJECT_VERSION = 1;
				DEVELOPMENT_ASSET_PATHS = "\"photoSnapshot/Preview Content\"";
				DEVELOPMENT_TEAM = 4JR7PKLFY2;
				ENABLE_PREVIEWS = YES;
				GENERATE_INFOPLIST_FILE = YES;
				INFOPLIST_KEY_UIApplicationSceneManifest_Generation = YES;
				INFOPLIST_KEY_UIApplicationSupportsIndirectInputEvents = YES;
				INFOPLIST_KEY_UILaunchScreen_Generation = YES;
				INFOPLIST_KEY_UISupportedInterfaceOrientations_iPad = "UIInterfaceOrientationPortrait UIInterfaceOrientationPortraitUpsideDown UIInterfaceOrientationLandscapeLeft UIInterfaceOrientationLandscapeRight";
				INFOPLIST_KEY_UISupportedInterfaceOrientations_iPhone = "UIInterfaceOrientationPortrait UIInterfaceOrientationLandscapeLeft UIInterfaceOrientationLandscapeRight";
				LD_RUNPATH_SEARCH_PATHS = (
					"$(inherited)",
					"@executable_path/Frameworks",
				);
				MARKETING_VERSION = 1.0;
				PRODUCT_BUNDLE_IDENTIFIER = MinjiLee.photoSnapshot;
				PRODUCT_NAME = "$(TARGET_NAME)";
				SWIFT_EMIT_LOC_STRINGS = YES;
				SWIFT_VERSION = 5.0;
				TARGETED_DEVICE_FAMILY = "1,2";
			};
			name = Debug;
		};
		0A1EA9792A49661900856789 /* Release */ = {
			isa = XCBuildConfiguration;
			buildSettings = {
				ASSETCATALOG_COMPILER_APPICON_NAME = AppIcon;
				ASSETCATALOG_COMPILER_GLOBAL_ACCENT_COLOR_NAME = AccentColor;
				CODE_SIGN_STYLE = Automatic;
				CURRENT_PROJECT_VERSION = 1;
				DEVELOPMENT_ASSET_PATHS = "\"photoSnapshot/Preview Content\"";
				DEVELOPMENT_TEAM = 4JR7PKLFY2;
				ENABLE_PREVIEWS = YES;
				GENERATE_INFOPLIST_FILE = YES;
				INFOPLIST_KEY_UIApplicationSceneManifest_Generation = YES;
				INFOPLIST_KEY_UIApplicationSupportsIndirectInputEvents = YES;
				INFOPLIST_KEY_UILaunchScreen_Generation = YES;
				INFOPLIST_KEY_UISupportedInterfaceOrientations_iPad = "UIInterfaceOrientationPortrait UIInterfaceOrientationPortraitUpsideDown UIInterfaceOrientationLandscapeLeft UIInterfaceOrientationLandscapeRight";
				INFOPLIST_KEY_UISupportedInterfaceOrientations_iPhone = "UIInterfaceOrientationPortrait UIInterfaceOrientationLandscapeLeft UIInterfaceOrientationLandscapeRight";
				LD_RUNPATH_SEARCH_PATHS = (
					"$(inherited)",
					"@executable_path/Frameworks",
				);
				MARKETING_VERSION = 1.0;
				PRODUCT_BUNDLE_IDENTIFIER = MinjiLee.photoSnapshot;
				PRODUCT_NAME = "$(TARGET_NAME)";
				SWIFT_EMIT_LOC_STRINGS = YES;
				SWIFT_VERSION = 5.0;
				TARGETED_DEVICE_FAMILY = "1,2";
			};
			name = Release;
		};
		0A1EA97B2A49661900856789 /* Debug */ = {
			isa = XCBuildConfiguration;
			buildSettings = {
				ALWAYS_EMBED_SWIFT_STANDARD_LIBRARIES = YES;
				BUNDLE_LOADER = "$(TEST_HOST)";
				CODE_SIGN_STYLE = Automatic;
				CURRENT_PROJECT_VERSION = 1;
				DEVELOPMENT_TEAM = 4JR7PKLFY2;
				GENERATE_INFOPLIST_FILE = YES;
				IPHONEOS_DEPLOYMENT_TARGET = 16.4;
				MARKETING_VERSION = 1.0;
				PRODUCT_BUNDLE_IDENTIFIER = MinjiLee.photoSnapshotTests;
				PRODUCT_NAME = "$(TARGET_NAME)";
				SWIFT_EMIT_LOC_STRINGS = NO;
				SWIFT_VERSION = 5.0;
				TARGETED_DEVICE_FAMILY = "1,2";
				TEST_HOST = "$(BUILT_PRODUCTS_DIR)/photoSnapshot.app/$(BUNDLE_EXECUTABLE_FOLDER_PATH)/photoSnapshot";
			};
			name = Debug;
		};
		0A1EA97C2A49661900856789 /* Release */ = {
			isa = XCBuildConfiguration;
			buildSettings = {
				ALWAYS_EMBED_SWIFT_STANDARD_LIBRARIES = YES;
				BUNDLE_LOADER = "$(TEST_HOST)";
				CODE_SIGN_STYLE = Automatic;
				CURRENT_PROJECT_VERSION = 1;
				DEVELOPMENT_TEAM = 4JR7PKLFY2;
				GENERATE_INFOPLIST_FILE = YES;
				IPHONEOS_DEPLOYMENT_TARGET = 16.4;
				MARKETING_VERSION = 1.0;
				PRODUCT_BUNDLE_IDENTIFIER = MinjiLee.photoSnapshotTests;
				PRODUCT_NAME = "$(TARGET_NAME)";
				SWIFT_EMIT_LOC_STRINGS = NO;
				SWIFT_VERSION = 5.0;
				TARGETED_DEVICE_FAMILY = "1,2";
				TEST_HOST = "$(BUILT_PRODUCTS_DIR)/photoSnapshot.app/$(BUNDLE_EXECUTABLE_FOLDER_PATH)/photoSnapshot";
			};
			name = Release;
		};
		0A1EA97E2A49661900856789 /* Debug */ = {
			isa = XCBuildConfiguration;
			buildSettings = {
				ALWAYS_EMBED_SWIFT_STANDARD_LIBRARIES = YES;
				CODE_SIGN_STYLE = Automatic;
				CURRENT_PROJECT_VERSION = 1;
				DEVELOPMENT_TEAM = 4JR7PKLFY2;
				GENERATE_INFOPLIST_FILE = YES;
				MARKETING_VERSION = 1.0;
				PRODUCT_BUNDLE_IDENTIFIER = MinjiLee.photoSnapshotUITests;
				PRODUCT_NAME = "$(TARGET_NAME)";
				SWIFT_EMIT_LOC_STRINGS = NO;
				SWIFT_VERSION = 5.0;
				TARGETED_DEVICE_FAMILY = "1,2";
				TEST_TARGET_NAME = photoSnapshot;
			};
			name = Debug;
		};
		0A1EA97F2A49661900856789 /* Release */ = {
			isa = XCBuildConfiguration;
			buildSettings = {
				ALWAYS_EMBED_SWIFT_STANDARD_LIBRARIES = YES;
				CODE_SIGN_STYLE = Automatic;
				CURRENT_PROJECT_VERSION = 1;
				DEVELOPMENT_TEAM = 4JR7PKLFY2;
				GENERATE_INFOPLIST_FILE = YES;
				MARKETING_VERSION = 1.0;
				PRODUCT_BUNDLE_IDENTIFIER = MinjiLee.photoSnapshotUITests;
				PRODUCT_NAME = "$(TARGET_NAME)";
				SWIFT_EMIT_LOC_STRINGS = NO;
				SWIFT_VERSION = 5.0;
				TARGETED_DEVICE_FAMILY = "1,2";
				TEST_TARGET_NAME = photoSnapshot;
			};
			name = Release;
		};
/* End XCBuildConfiguration section */

/* Begin XCConfigurationList section */
		0A1EA94E2A49661700856789 /* Build configuration list for PBXProject "photoSnapshot" */ = {
			isa = XCConfigurationList;
			buildConfigurations = (
				0A1EA9752A49661900856789 /* Debug */,
				0A1EA9762A49661900856789 /* Release */,
			);
			defaultConfigurationIsVisible = 0;
			defaultConfigurationName = Release;
		};
		0A1EA9772A49661900856789 /* Build configuration list for PBXNativeTarget "photoSnapshot" */ = {
			isa = XCConfigurationList;
			buildConfigurations = (
				0A1EA9782A49661900856789 /* Debug */,
				0A1EA9792A49661900856789 /* Release */,
			);
			defaultConfigurationIsVisible = 0;
			defaultConfigurationName = Release;
		};
		0A1EA97A2A49661900856789 /* Build configuration list for PBXNativeTarget "photoSnapshotTests" */ = {
			isa = XCConfigurationList;
			buildConfigurations = (
				0A1EA97B2A49661900856789 /* Debug */,
				0A1EA97C2A49661900856789 /* Release */,
			);
			defaultConfigurationIsVisible = 0;
			defaultConfigurationName = Release;
		};
		0A1EA97D2A49661900856789 /* Build configuration list for PBXNativeTarget "photoSnapshotUITests" */ = {
			isa = XCConfigurationList;
			buildConfigurations = (
				0A1EA97E2A49661900856789 /* Debug */,
				0A1EA97F2A49661900856789 /* Release */,
			);
			defaultConfigurationIsVisible = 0;
			defaultConfigurationName = Release;
		};
/* End XCConfigurationList section */
	};
	rootObject = 0A1EA94B2A49661700856789 /* Project object */;
}
